{
 "tag": "packs-20261001-1043",
 "repo": "budzillaorigin/mokuhyo",
 "asset": "mokuhyo-packs-20261001-1043.zip",
 "sha256": "0af3861b7655641eaa76e1b89cc45460ef1f29c8eed74b2eb7168e3e6fdbef13",
 "bytes": 106030376,
 "languages": {
  "ar": {
   "files": 5,
   "clips": 0
  },
  "de": {
   "files": 5,
   "clips": 25
  },
  "es": {
   "files": 5,
   "clips": 27
  },
  "fa": {
   "files": 5,
   "clips": 21
  },
  "fr": {
   "files": 5,
   "clips": 26
  },
  "id": {
   "files": 5,
   "clips": 0
  },
  "ja": {
   "files": 6,
   "clips": 0
  },
  "ko": {
   "files": 5,
   "clips": 0
  },
  "pt-BR": {
   "files": 5,
   "clips": 24
  },
  "ru": {
   "files": 5,
   "clips": 25
  },
  "zh-Hans": {
   "files": 5,
   "clips": 0
  }
 }
}
