{
  "repo": "budzillaorigin/tsumugi",
  "tag": "audio-packs-2026-09-19",
  "files": {
    "audio-dialogues.zip": "1bed9120594450143e766d5354a0a2a5a48361903b09d51f75f743b649eb7b43",
    "audio-exam.zip": "0bb2862bd1fd4a7d8b78a9cbcee7a7a87ac04459cd5fb3cc88fc7fce81a4b1c4",
    "audio-grammar.zip": "307a783b7c64f125747c235be4964de07a3df22970615a8dbf1739d112229d9b",
    "audio-minimal-pairs.zip": "6e2865d3c8fd4fb4092aafde863d4af39760b07214051ae670e59b70efb06ea7",
    "audio-pitch.zip": "25be7e0a23a880680eeebf1eee4bb21247acbfe3b254c81bd19f40d2034814f2",
    "audio-manifest.json": "6d0cbfb6f733fecfcf090b4923eeee386b3a2c072540e9dd94183acc0614f4ad"
  }
}
