{
  "repo": "budzillaorigin/tsumugi",
  "tag": "audio-packs-2026-09-19",
  "files": {
    "audio-dialogues.zip": "e834dd0026eb937ae81eff0b92eac5238c5cac9fb3c7d4c8aefc73e4f377c8a8",
    "audio-exam.zip": "1b3a704363c8bdfc304404d60f5a8063d6813436f45e75503ee7841c8cca05f2",
    "audio-grammar.zip": "307a783b7c64f125747c235be4964de07a3df22970615a8dbf1739d112229d9b",
    "audio-minimal-pairs.zip": "6e2865d3c8fd4fb4092aafde863d4af39760b07214051ae670e59b70efb06ea7",
    "audio-pitch.zip": "25be7e0a23a880680eeebf1eee4bb21247acbfe3b254c81bd19f40d2034814f2",
    "audio-manifest.json": "29557aea95e0867a7ca6a57fcebba8715fb27c505cbd69b93362695ba1c55edb"
  }
}
