{
  "repo": "budzillaorigin/tsumugi",
  "tag": "audio-packs-2026-09-19",
  "files": {
    "audio-dialogues.zip": "14f955a56e4d01042f000b19e8c0cfdf46e80349839609efd03787e8637edd16",
    "audio-exam.zip": "78b86cac646822cbd7eec6437afd1ede91627bcf4b695cdb7722008a65f7e82d",
    "audio-grammar.zip": "307a783b7c64f125747c235be4964de07a3df22970615a8dbf1739d112229d9b",
    "audio-minimal-pairs.zip": "6e2865d3c8fd4fb4092aafde863d4af39760b07214051ae670e59b70efb06ea7",
    "audio-pitch.zip": "25be7e0a23a880680eeebf1eee4bb21247acbfe3b254c81bd19f40d2034814f2",
    "audio-readers.zip": "febb4e9d5b1477459612c6ba02321c3c9cd4357e789892c43a21aaae2397db9e",
    "audio-tracks.zip": "599488c8bbb4375d2f09550560c9487cf93c208ebab99fc10c37c0ce1d3d61bf",
    "audio-manifest.json": "3298dda174c5a874fbf0e76d019c61e808de61a8792927cd814bb4c1518dac25"
  }
}
