# This is a Gradle generated file for dependency locking.
# Manual edits can break the build and are not advised.
# This file is expected to be part of source control.
# To regenerate this file, run: ./gradlew :shared:dependencies --write-locks
app.cash.sqldelight:async-extensions-jvm:2.4.0=jvmRuntimeClasspath
app.cash.sqldelight:async-extensions:2.4.0=jvmRuntimeClasspath
app.cash.sqldelight:coroutines-extensions-jvm:2.4.0=jvmRuntimeClasspath
app.cash.sqldelight:coroutines-extensions:2.4.0=jvmRuntimeClasspath
app.cash.sqldelight:jdbc-driver:2.4.0=jvmRuntimeClasspath
app.cash.sqldelight:runtime-jvm:2.4.0=jvmRuntimeClasspath
app.cash.sqldelight:runtime:2.4.0=jvmRuntimeClasspath
app.cash.sqldelight:sqlite-driver:2.4.0=jvmRuntimeClasspath
com.ibm.icu:icu4j:78.3=jvmRuntimeClasspath
com.squareup.okio:okio-jvm:3.18.2=jvmRuntimeClasspath
com.squareup.okio:okio:3.18.2=jvmRuntimeClasspath
commons-logging:commons-logging:1.4.0=jvmRuntimeClasspath
io.ktor:ktor-client-core-jvm:3.6.0=jvmRuntimeClasspath
io.ktor:ktor-client-core:3.6.0=jvmRuntimeClasspath
io.ktor:ktor-client-java-jvm:3.6.0=jvmRuntimeClasspath
io.ktor:ktor-client-java:3.6.0=jvmRuntimeClasspath
io.ktor:ktor-events-jvm:3.6.0=jvmRuntimeClasspath
io.ktor:ktor-events:3.6.0=jvmRuntimeClasspath
io.ktor:ktor-http-cio-jvm:3.6.0=jvmRuntimeClasspath
io.ktor:ktor-http-cio:3.6.0=jvmRuntimeClasspath
io.ktor:ktor-http-jvm:3.6.0=jvmRuntimeClasspath
io.ktor:ktor-http:3.6.0=jvmRuntimeClasspath
io.ktor:ktor-io-jvm:3.6.0=jvmRuntimeClasspath
io.ktor:ktor-io:3.6.0=jvmRuntimeClasspath
io.ktor:ktor-network-jvm:3.6.0=jvmRuntimeClasspath
io.ktor:ktor-network:3.6.0=jvmRuntimeClasspath
io.ktor:ktor-serialization-jvm:3.6.0=jvmRuntimeClasspath
io.ktor:ktor-serialization:3.6.0=jvmRuntimeClasspath
io.ktor:ktor-sse-jvm:3.6.0=jvmRuntimeClasspath
io.ktor:ktor-sse:3.6.0=jvmRuntimeClasspath
io.ktor:ktor-utils-jvm:3.6.0=jvmRuntimeClasspath
io.ktor:ktor-utils:3.6.0=jvmRuntimeClasspath
io.ktor:ktor-websocket-serialization-jvm:3.6.0=jvmRuntimeClasspath
io.ktor:ktor-websocket-serialization:3.6.0=jvmRuntimeClasspath
io.ktor:ktor-websockets-jvm:3.6.0=jvmRuntimeClasspath
io.ktor:ktor-websockets:3.6.0=jvmRuntimeClasspath
org.apache.pdfbox:fontbox:3.0.8=jvmRuntimeClasspath
org.apache.pdfbox:pdfbox-io:3.0.8=jvmRuntimeClasspath
org.apache.pdfbox:pdfbox:3.0.8=jvmRuntimeClasspath
org.jetbrains.kotlin:kotlin-stdlib:2.4.10=jvmRuntimeClasspath
org.jetbrains.kotlinx:kotlinx-coroutines-bom:1.11.0=jvmRuntimeClasspath
org.jetbrains.kotlinx:kotlinx-coroutines-core-jvm:1.11.0=jvmRuntimeClasspath
org.jetbrains.kotlinx:kotlinx-coroutines-core:1.11.0=jvmRuntimeClasspath
org.jetbrains.kotlinx:kotlinx-coroutines-jdk8:1.11.0=jvmRuntimeClasspath
org.jetbrains.kotlinx:kotlinx-coroutines-slf4j:1.11.0=jvmRuntimeClasspath
org.jetbrains.kotlinx:kotlinx-datetime-jvm:0.8.0=jvmRuntimeClasspath
org.jetbrains.kotlinx:kotlinx-datetime:0.8.0=jvmRuntimeClasspath
org.jetbrains.kotlinx:kotlinx-io-bytestring-jvm:0.9.1=jvmRuntimeClasspath
org.jetbrains.kotlinx:kotlinx-io-bytestring:0.9.1=jvmRuntimeClasspath
org.jetbrains.kotlinx:kotlinx-io-core-jvm:0.9.1=jvmRuntimeClasspath
org.jetbrains.kotlinx:kotlinx-io-core:0.9.1=jvmRuntimeClasspath
org.jetbrains.kotlinx:kotlinx-serialization-bom:1.11.0=jvmRuntimeClasspath
org.jetbrains.kotlinx:kotlinx-serialization-core-jvm:1.11.0=jvmRuntimeClasspath
org.jetbrains.kotlinx:kotlinx-serialization-core:1.11.0=jvmRuntimeClasspath
org.jetbrains.kotlinx:kotlinx-serialization-json-jvm:1.11.0=jvmRuntimeClasspath
org.jetbrains.kotlinx:kotlinx-serialization-json:1.11.0=jvmRuntimeClasspath
org.jetbrains:annotations:23.0.0=jvmRuntimeClasspath
org.slf4j:slf4j-api:2.0.19=jvmRuntimeClasspath
org.xerial:sqlite-jdbc:3.53.4.0=jvmRuntimeClasspath
empty=
